# This file is automatically @generated by Cargo.
# It is not intended for manual editing.
version = 4

[[package]]
name = "assemblash-cli"
version = "0.1.0"
dependencies = [
 "assemblash-core",
 "assemblash-renderer",
]

[[package]]
name = "assemblash-core"
version = "0.1.0"

[[package]]
name = "assemblash-renderer"
version = "0.1.0"
dependencies = [
 "assemblash-core",
]
